
Microsoft Visual Studio Solution File, Format Version 12.00
# Visual Studio Version 16
VisualStudioVersion = 16.0.30611.23
MinimumVisualStudioVersion = 10.0.40219.1
Project("{9A19103F-16F7-4668-BE54-9A1E7A4F7556}") = "Yuan.IdentityServer4.Demo", "Yuan.IdentityServer4.Demo\Yuan.IdentityServer4.Demo.csproj", "{7D4D290F-F0FC-4E31-9217-5CF6B81FAF92}"
EndProject
Global
	GlobalSection(SolutionConfigurationPlatforms) = preSolution
		Debug|Any CPU = Debug|Any CPU
		Release|Any CPU = Release|Any CPU
	EndGlobalSection
	GlobalSection(ProjectConfigurationPlatforms) = postSolution
		{7D4D290F-F0FC-4E31-9217-5CF6B81FAF92}.Debug|Any CPU.ActiveCfg = Debug|Any CPU
		{7D4D290F-F0FC-4E31-9217-5CF6B81FAF92}.Debug|Any CPU.Build.0 = Debug|Any CPU
		{7D4D290F-F0FC-4E31-9217-5CF6B81FAF92}.Release|Any CPU.ActiveCfg = Release|Any CPU
		{7D4D290F-F0FC-4E31-9217-5CF6B81FAF92}.Release|Any CPU.Build.0 = Release|Any CPU
	EndGlobalSection
	GlobalSection(SolutionProperties) = preSolution
		HideSolutionNode = FALSE
	EndGlobalSection
	GlobalSection(ExtensibilityGlobals) = postSolution
		SolutionGuid = {056AAE63-63B4-4F51-A43E-AEA34A1847BE}
	EndGlobalSection
EndGlobal
