
Microsoft Visual Studio Solution File, Format Version 12.00
# Visual Studio Version 16
VisualStudioVersion = 16.0.30611.23
MinimumVisualStudioVersion = 10.0.40219.1
Project("{9A19103F-16F7-4668-BE54-9A1E7A4F7556}") = "Yuan.IdentityServer4.EF", "Yuan.IdentityServer4.EF\Yuan.IdentityServer4.EF.csproj", "{A872A116-2274-4D18-A15C-4A771815DE76}"
EndProject
Global
	GlobalSection(SolutionConfigurationPlatforms) = preSolution
		Debug|Any CPU = Debug|Any CPU
		Release|Any CPU = Release|Any CPU
	EndGlobalSection
	GlobalSection(ProjectConfigurationPlatforms) = postSolution
		{A872A116-2274-4D18-A15C-4A771815DE76}.Debug|Any CPU.ActiveCfg = Debug|Any CPU
		{A872A116-2274-4D18-A15C-4A771815DE76}.Debug|Any CPU.Build.0 = Debug|Any CPU
		{A872A116-2274-4D18-A15C-4A771815DE76}.Release|Any CPU.ActiveCfg = Release|Any CPU
		{A872A116-2274-4D18-A15C-4A771815DE76}.Release|Any CPU.Build.0 = Release|Any CPU
	EndGlobalSection
	GlobalSection(SolutionProperties) = preSolution
		HideSolutionNode = FALSE
	EndGlobalSection
	GlobalSection(ExtensibilityGlobals) = postSolution
		SolutionGuid = {0DA2CC38-52D7-4449-9069-F25A547F06CC}
	EndGlobalSection
EndGlobal
