
Microsoft Visual Studio Solution File, Format Version 12.00
# Visual Studio Version 16
VisualStudioVersion = 16.0.30611.23
MinimumVisualStudioVersion = 10.0.40219.1
Project("{2150E333-8FDC-42A3-9474-1A3956D46DE8}") = "Yuan.API", "Yuan.API", "{1DC6B556-1737-4109-8656-52065D6F7B62}"
EndProject
Project("{2150E333-8FDC-42A3-9474-1A3956D46DE8}") = "Yuan.Client", "Yuan.Client", "{03953002-52D4-42B6-99A0-51B0ABD7AA4F}"
EndProject
Project("{2150E333-8FDC-42A3-9474-1A3956D46DE8}") = "Yuan.IdentityServer", "Yuan.IdentityServer", "{20FEB2D7-E278-4C7F-8E9E-2ACFAEC80F7B}"
EndProject
Project("{FAE04EC0-301F-11D3-BF4B-00C04F79EFBC}") = "Yuan.IdentityServer4", "Yuan.IdentityServer4\Yuan.IdentityServer4.csproj", "{189B5E47-AB3E-4498-9674-FBB8E6BE46E6}"
EndProject
Project("{FAE04EC0-301F-11D3-BF4B-00C04F79EFBC}") = "Yuan.APi.Demo", "Yuan.APi.Demo\Yuan.APi.Demo.csproj", "{C15877AD-4F73-4E6A-837F-4C7377685461}"
EndProject
Project("{FAE04EC0-301F-11D3-BF4B-00C04F79EFBC}") = "Yuan.Client.Demo", "Yuan.Client.Demo\Yuan.Client.Demo.csproj", "{78D6A539-29B4-4AD4-9BD4-85FC9698B0C9}"
EndProject
Global
	GlobalSection(SolutionConfigurationPlatforms) = preSolution
		Debug|Any CPU = Debug|Any CPU
		Release|Any CPU = Release|Any CPU
	EndGlobalSection
	GlobalSection(ProjectConfigurationPlatforms) = postSolution
		{189B5E47-AB3E-4498-9674-FBB8E6BE46E6}.Debug|Any CPU.ActiveCfg = Debug|Any CPU
		{189B5E47-AB3E-4498-9674-FBB8E6BE46E6}.Debug|Any CPU.Build.0 = Debug|Any CPU
		{189B5E47-AB3E-4498-9674-FBB8E6BE46E6}.Release|Any CPU.ActiveCfg = Release|Any CPU
		{189B5E47-AB3E-4498-9674-FBB8E6BE46E6}.Release|Any CPU.Build.0 = Release|Any CPU
		{C15877AD-4F73-4E6A-837F-4C7377685461}.Debug|Any CPU.ActiveCfg = Debug|Any CPU
		{C15877AD-4F73-4E6A-837F-4C7377685461}.Debug|Any CPU.Build.0 = Debug|Any CPU
		{C15877AD-4F73-4E6A-837F-4C7377685461}.Release|Any CPU.ActiveCfg = Release|Any CPU
		{C15877AD-4F73-4E6A-837F-4C7377685461}.Release|Any CPU.Build.0 = Release|Any CPU
		{78D6A539-29B4-4AD4-9BD4-85FC9698B0C9}.Debug|Any CPU.ActiveCfg = Debug|Any CPU
		{78D6A539-29B4-4AD4-9BD4-85FC9698B0C9}.Debug|Any CPU.Build.0 = Debug|Any CPU
		{78D6A539-29B4-4AD4-9BD4-85FC9698B0C9}.Release|Any CPU.ActiveCfg = Release|Any CPU
		{78D6A539-29B4-4AD4-9BD4-85FC9698B0C9}.Release|Any CPU.Build.0 = Release|Any CPU
	EndGlobalSection
	GlobalSection(SolutionProperties) = preSolution
		HideSolutionNode = FALSE
	EndGlobalSection
	GlobalSection(NestedProjects) = preSolution
		{189B5E47-AB3E-4498-9674-FBB8E6BE46E6} = {20FEB2D7-E278-4C7F-8E9E-2ACFAEC80F7B}
		{C15877AD-4F73-4E6A-837F-4C7377685461} = {1DC6B556-1737-4109-8656-52065D6F7B62}
		{78D6A539-29B4-4AD4-9BD4-85FC9698B0C9} = {03953002-52D4-42B6-99A0-51B0ABD7AA4F}
	EndGlobalSection
	GlobalSection(ExtensibilityGlobals) = postSolution
		SolutionGuid = {0ABFD4D0-6A5A-42A9-A229-5C79A54F68D0}
	EndGlobalSection
EndGlobal
